<?xml version="1.0" encoding="utf-8"?>
<Project ToolsVersion="4.0" xmlns="http://schemas.microsoft.com/developer/msbuild/2003">
  <ItemGroup>
    <ClCompile Include="graphs\GraphicsItemIoParameter.cpp" />
    <ClCompile Include="model\XmlIOstreamModel.cpp" />
    <ClCompile Include="utils\ColorOperation.cpp" />
    <ClCompile Include="utils\GiantTxtIOstream.cpp" />
    <ClCompile Include="graphs\GraphicsEllipse.cpp" />
    <ClCompile Include="graphs\GraphicsPoint.cpp" />
    <ClCompile Include="graphs\GraphicsAngle.cpp" />
    <ClCompile Include="graphs\GraphicsCalculateLine.cpp" />
    <ClCompile Include="graphs\GraphicsLine.cpp" />
    <ClCompile Include="graphs\GraphicsLineSegment.cpp" />
    <ClCompile Include="graphs\GraphicsPie.cpp" />
    <ClCompile Include="graphs\GraphicsPolygon.cpp" />
    <ClCompile Include="graphs\GraphicsRect.cpp" />
    <ClCompile Include="graphs\GraphicsRound.cpp" />
    <ClCompile Include="graphs\GraphicsTextItem.cpp" />
    <ClCompile Include="graphs\ItemPointF.cpp" />
    <ClCompile Include="graphs\ThumbnailPixmapItem.cpp" />
    <ClCompile Include="graphs\TimeTextItem.cpp" />
    <ClCompile Include="model\ItkTool\ITKImageIoModel.cpp" />
    <ClCompile Include="model\GraphicsCalculateModel.cpp" />
    <ClCompile Include="model\GraphicsPaintModel.cpp" />
    <ClCompile Include="model\GraphicsRelationModel.cpp" />
    <ClCompile Include="model\GraphicsTextModel.cpp" />
    <ClCompile Include="model\GraphicsTransformModel.cpp" />
    <ClCompile Include="model\InteractionPaintModel.cpp" />
    <ClCompile Include="model\GenericInteractionModel.cpp" />
    <ClCompile Include="model\ScenePromptItemModel.cpp" />
    <ClCompile Include="model\ViewListContainer.cpp" />
    <ClCompile Include="model\ViewTransFormModel.cpp" />
    <ClCompile Include="utils\CVOperation.cpp" />
    <ClCompile Include="utils\thread\ImageCvLoaderThread.cpp" />
    <ClCompile Include="utils\CoordinateCalculation.cpp" />
    <ClCompile Include="utils\FilePathOperation.cpp" />
    <ClCompile Include="widgets\ChosePathWidget.cpp" />
    <ClCompile Include="widgets\ColorButton.cpp" />
    <ClCompile Include="widgets\ColorWidget.cpp" />
    <ClCompile Include="widgets\ComboBoxVWidget.cpp" />
    <ClCompile Include="widgets\GiantInteractionModeWidget.cpp" />
    <ClCompile Include="widgets\GiantPushButton.cpp" />
    <ClCompile Include="widgets\FileView.cpp" />
    <ClCompile Include="widgets\ForePlayWidget.cpp" />
    <ClCompile Include="widgets\GenericToolButton.cpp" />
    <ClCompile Include="widgets\GOpenGLWidgets.cpp" />
    <ClCompile Include="graphs\GraphicsItem.cpp" />
    <ClCompile Include="graphs\Graphicspixmapitem.cpp" />
    <ClCompile Include="graphs\Graphicsscene.cpp" />
    <ClCompile Include="graphs\Graphicsview.cpp" />
    <ClCompile Include="widgets\GraphicsItemWidget.cpp" />
    <ClCompile Include="widgets\HeaderButtonWidget.cpp" />
    <ClCompile Include="widgets\HelpDialog.cpp" />
    <ClCompile Include="widgets\ImageSceneWidget2D.cpp" />
    <ClCompile Include="widgets\ImageSceneWidget3D.cpp" />
    <ClCompile Include="widgets\graphicsItemEditTextDialog.cpp" />
    <ClCompile Include="main.cpp" />
    <ClCompile Include="widgets\StackIconWidget.cpp" />
    <ClCompile Include="widgets\SAM\sam.cpp" />
    <ClCompile Include="widgets\SAM\samwidget.cpp" />
    <ClCompile Include="widgets\LabelBoardToolWidget.cpp" />
    <ClCompile Include="widgets\LabelBoardWidget.cpp" />
    <ClCompile Include="widgets\ItemIndexView.cpp" />
    <ClCompile Include="widgets\MagnifyingGlassWidget.cpp" />
    <ClCompile Include="widgets\SceneToolWidget.cpp" />
    <ClCompile Include="widgets\StackWidget.cpp" />
    <ClCompile Include="widgets\StatusWidget.cpp" />
    <ClCompile Include="widgets\style\CustomTabStyle.cpp" />
    <ClCompile Include="widgets\TabWidget.cpp" />
    <ClCompile Include="widgets\TitleWidget.cpp" />
    <ClCompile Include="widgets\style\ToolTipWindow.cpp" />
    <ClCompile Include="widgets\ViewToolBar.cpp" />
    <ClCompile Include="widgets\VTKWidget.cpp" />
    <ClCompile Include="widgets\widget.cpp" />
    <ClCompile Include="model\UndoCommandModel.cpp" />
  </ItemGroup>
  <ItemGroup>
    <ClInclude Include="graphs\GraphicsItemIoParameter.h" />
    <ClInclude Include="model\XmlIOstreamModel.h" />
    <ClInclude Include="utils\ColorOperation.h" />
    <ClInclude Include="utils\GiantTxtIOstream.h" />
    <ClInclude Include="graphs\GraphicsEllipse.h" />
    <ClInclude Include="graphs\ItemPointF.h" />
    <ClInclude Include="graphs\AllGraphics.h" />
    <ClInclude Include="model\GraphicsPaintModel.h" />
    <ClInclude Include="model\GraphicsRelationModel.h" />
    <ClInclude Include="model\GraphicsTransformModel.h" />
    <ClInclude Include="model\GenericInteractionModel.h" />
    <ClInclude Include="model\ViewListContainer.h" />
    <ClInclude Include="model\ViewTransFormModel.h" />
    <ClInclude Include="utils\CVOperation.h" />
    <ClInclude Include="utils\CoordinateCalculation.h" />
    <ClInclude Include="widgets\GiantPushButton.h" />
    <ClInclude Include="widgets\HelpDialog.h" />
    <ClInclude Include="widgets\TabWidget.h" />
    <ClInclude Include="itkTool\ITKImageIoModel.h" />
    <ClInclude Include="utils\FilePathOperation.h" />
    <ClInclude Include="widgets\SAM\sam.h" />
    <ClInclude Include="model\UndoCommandModel.h" />
  </ItemGroup>
  <ItemGroup>
    <CustomBuild Include="debug\moc_predefs.h.cbt" />
    <CustomBuild Include="release\moc_predefs.h.cbt" />
  </ItemGroup>
  <ItemGroup>
    <QtMoc Include="widgets\ViewToolBar.h" />
    <QtMoc Include="widgets\style\ToolTipWindow.h" />
    <QtMoc Include="widgets\VTKWidget.h" />
    <QtMoc Include="graphs\GraphicsTextItem.h" />
    <QtMoc Include="graphs\TimeTextItem.h" />
    <QtMoc Include="graphs\GraphicsAngle.h" />
    <QtMoc Include="graphs\GraphicsLine.h" />
    <QtMoc Include="graphs\GraphicsPolygon.h" />
    <QtMoc Include="graphs\GraphicsLineSegment.h" />
    <QtMoc Include="graphs\GraphicsCalculateLine.h" />
    <QtMoc Include="graphs\GraphicsPie.h" />
    <QtMoc Include="graphs\GraphicsRound.h" />
    <QtMoc Include="graphs\GraphicsRect.h" />
    <QtMoc Include="graphs\Graphicsscene.h" />
    <QtMoc Include="graphs\Graphicsview.h" />
    <QtMoc Include="model\GraphicsCalculateModel.h" />
    <QtMoc Include="model\GraphicsTextModel.h" />
    <QtMoc Include="model\InteractionPaintModel.h" />
    <QtMoc Include="model\ScenePromptItemModel.h" />
    <QtMoc Include="widgets\ImageSceneWidget3D.h" />
    <QtMoc Include="widgets\LabelBoardToolWidget.h" />
    <QtMoc Include="widgets\ColorButton.h" />
    <QtMoc Include="widgets\ColorWidget.h" />
    <QtMoc Include="widgets\ChosePathWidget.h" />
    <QtMoc Include="widgets\GenericToolButton.h" />
    <QtMoc Include="widgets\GraphicsItemWidget.h" />
    <QtMoc Include="widgets\HeaderButtonWidget.h" />
    <QtMoc Include="widgets\ComboBoxVWidget.h" />
    <QtMoc Include="widgets\GiantInteractionModeWidget.h" />
    <QtMoc Include="widgets\style\CustomTabStyle.h" />
    <QtMoc Include="widgets\StackIconWidget.h" />
    <QtMoc Include="widgets\StackWidget.h" />
    <QtMoc Include="widgets\ImageSceneWidget2D.h" />
    <QtMoc Include="widgets\MagnifyingGlassWidget.h" />
    <QtMoc Include="widgets\SceneToolWidget.h" />
    <QtMoc Include="widgets\TitleWidget.h" />
    <QtMoc Include="widgets\StatusWidget.h" />
    <QtMoc Include="widgets\ForePlayWidget.h" />
    <QtMoc Include="widgets\FileView.h" />
    <QtMoc Include="widgets\ItemIndexView.h" />
    <QtMoc Include="widgets\LabelBoardWidget.h" />
    <QtMoc Include="utils\thread\ImageCvLoaderThread.h" />
    <QtMoc Include="graphs\GraphicsPoint.h" />
    <QtMoc Include="widgets\GOpenGLWidgets.h" />
    <QtMoc Include="graphs\GraphicsItem.h" />
    <QtMoc Include="graphs\Graphicspixmapitem.h" />
    <QtMoc Include="widgets\graphicsItemEditTextDialog.h" />
    <QtMoc Include="graphs\ThumbnailPixmapItem.h" />
    <QtMoc Include="widgets\SAM\samwidget.h" />
    <QtMoc Include="widgets\widget.h" />
  </ItemGroup>
  <ItemGroup>
    <QtRcc Include="resource.qrc" />
  </ItemGroup>
  <ItemGroup>
    <None Include="res\background-image\AI_SAM.png" />
    <None Include="res\background-image\DRAW_ICON.png" />
    <None Include="res\qss\Default.qss" />
    <None Include="res\background-image\Parallel_line.png" />
    <None Include="res\background-image\angle.png" />
    <None Include="res\background-image\branch_fold.png" />
    <None Include="res\background-image\branch_unfold.png" />
    <None Include="res\background-image\center.png" />
    <None Include="res\background-image\checkbox.png" />
    <None Include="res\background-image\close.png" />
    <None Include="res\background-image\delete.png" />
    <None Include="res\background-image\ellipse.png" />
    <None Include="res\background-image\ellipsis.png" />
    <None Include="res\background-image\eye.png" />
    <None Include="res\background-image\fix_screen.png" />
    <None Include="res\background-image\folder_icon.png" />
    <None Include="res\background-image\help.png" />
    <None Include="res\background-image\input.png" />
    <None Include="res\background-image\input2.png" />
    <None Include="res\background-image\label.png" />
    <None Include="res\background-image\left.png" />
    <None Include="res\background-image\line.png" />
    <None Include="res\background-image\line_segment.png" />
    <None Include="res\background-image\max.png" />
    <None Include="res\background-image\min.png" />
    <None Include="res\background-image\move.png" />
    <None Include="res\background-image\neg_point_list.png" />
    <None Include="res\background-image\negative_point.png" />
    <None Include="res\background-image\open_annotation.png" />
    <None Include="res\background-image\paintpen.png" />
    <None Include="res\background-image\paintpoint.png" />
    <None Include="res\background-image\picture_item.png" />
    <None Include="res\background-image\pie.png" />
    <None Include="res\background-image\point.png" />
    <None Include="res\background-image\polygon.png" />
    <None Include="res\background-image\pos_point_list.png" />
    <None Include="res\background-image\positive_point.png" />
    <None Include="res\background-image\prompt_rect.png" />
    <None Include="res\background-image\rect.png" />
    <None Include="res\background-image\restore.png" />
    <None Include="res\background-image\reverse.png" />
    <None Include="res\background-image\right.png" />
    <None Include="res\background-image\rotate.png" />
    <None Include="res\background-image\rotate_view.png" />
    <None Include="res\background-image\round.png" />
    <None Include="res\background-image\rubber.png" />
    <None Include="res\background-image\rubber_view.png" />
    <None Include="res\background-image\save.png" />
    <None Include="res\background-image\setting.png" />
    <None Include="res\background-image\uncheckbox.png" />
  </ItemGroup>
</Project>