
Microsoft Visual Studio Solution File, Format Version 12.00
# Visual Studio Version 17
VisualStudioVersion = 17.7.34202.233
MinimumVisualStudioVersion = 10.0.40219.1
Project("{8BC9CEB8-8B4A-11D0-8D11-00A0C91BC942}") = "Graphs-Interact-Anything", "Graphs-Interact-Anything.vcxproj", "{2A870E68-8036-3962-BB70-8FA4AC85A24F}"
EndProject
Global
	GlobalSection(SolutionConfigurationPlatforms) = preSolution
		Debug|x64 = Debug|x64
		Release|x64 = Release|x64
	EndGlobalSection
	GlobalSection(ProjectConfigurationPlatforms) = postSolution
		{2A870E68-8036-3962-BB70-8FA4AC85A24F}.Debug|x64.ActiveCfg = Debug|x64
		{2A870E68-8036-3962-BB70-8FA4AC85A24F}.Debug|x64.Build.0 = Debug|x64
		{2A870E68-8036-3962-BB70-8FA4AC85A24F}.Release|x64.ActiveCfg = Release|x64
		{2A870E68-8036-3962-BB70-8FA4AC85A24F}.Release|x64.Build.0 = Release|x64
	EndGlobalSection
	GlobalSection(SolutionProperties) = preSolution
		HideSolutionNode = FALSE
	EndGlobalSection
	GlobalSection(ExtensibilityGlobals) = postSolution
		SolutionGuid = {3C125960-33B2-4F83-85A1-809DBE41EA41}
	EndGlobalSection
EndGlobal
